
Microsoft Visual Studio Solution File, Format Version 12.00
# Visual Studio Version 17
VisualStudioVersion = 17.14.36301.6 d17.14
MinimumVisualStudioVersion = 10.0.40219.1
Project("{FAE04EC0-301F-11D3-BF4B-00C04F79EFBC}") = "14_Functions", "14_Functions.csproj", "{93197DCE-E5DA-48E0-8D59-BAB1FE660D01}"
EndProject
Global
	GlobalSection(SolutionConfigurationPlatforms) = preSolution
		Debug|Any CPU = Debug|Any CPU
		Release|Any CPU = Release|Any CPU
	EndGlobalSection
	GlobalSection(ProjectConfigurationPlatforms) = postSolution
		{93197DCE-E5DA-48E0-8D59-BAB1FE660D01}.Debug|Any CPU.ActiveCfg = Debug|Any CPU
		{93197DCE-E5DA-48E0-8D59-BAB1FE660D01}.Debug|Any CPU.Build.0 = Debug|Any CPU
		{93197DCE-E5DA-48E0-8D59-BAB1FE660D01}.Release|Any CPU.ActiveCfg = Release|Any CPU
		{93197DCE-E5DA-48E0-8D59-BAB1FE660D01}.Release|Any CPU.Build.0 = Release|Any CPU
	EndGlobalSection
	GlobalSection(SolutionProperties) = preSolution
		HideSolutionNode = FALSE
	EndGlobalSection
	GlobalSection(ExtensibilityGlobals) = postSolution
		SolutionGuid = {E593BC87-D3C9-4235-8FED-8CF056425828}
	EndGlobalSection
EndGlobal
