
Microsoft Visual Studio Solution File, Format Version 12.00
# Visual Studio Version 17
VisualStudioVersion = 17.14.36310.24 d17.14
MinimumVisualStudioVersion = 10.0.40219.1
Project("{FAE04EC0-301F-11D3-BF4B-00C04F79EFBC}") = "27_MoreOfVectorOperation", "27_MoreOfVectorOperation\27_MoreOfVectorOperation.csproj", "{EA8A2C51-4D12-4263-8FDB-2C33B0A286BB}"
EndProject
Global
	GlobalSection(SolutionConfigurationPlatforms) = preSolution
		Debug|Any CPU = Debug|Any CPU
		Release|Any CPU = Release|Any CPU
	EndGlobalSection
	GlobalSection(ProjectConfigurationPlatforms) = postSolution
		{EA8A2C51-4D12-4263-8FDB-2C33B0A286BB}.Debug|Any CPU.ActiveCfg = Debug|Any CPU
		{EA8A2C51-4D12-4263-8FDB-2C33B0A286BB}.Debug|Any CPU.Build.0 = Debug|Any CPU
		{EA8A2C51-4D12-4263-8FDB-2C33B0A286BB}.Release|Any CPU.ActiveCfg = Release|Any CPU
		{EA8A2C51-4D12-4263-8FDB-2C33B0A286BB}.Release|Any CPU.Build.0 = Release|Any CPU
	EndGlobalSection
	GlobalSection(SolutionProperties) = preSolution
		HideSolutionNode = FALSE
	EndGlobalSection
	GlobalSection(ExtensibilityGlobals) = postSolution
		SolutionGuid = {941CE59A-A11B-41B9-ACA7-72821D72DD91}
	EndGlobalSection
EndGlobal
