
Microsoft Visual Studio Solution File, Format Version 12.00
# Visual Studio Version 17
VisualStudioVersion = 17.14.36301.6 d17.14
MinimumVisualStudioVersion = 10.0.40219.1
Project("{FAE04EC0-301F-11D3-BF4B-00C04F79EFBC}") = "1_FirstStep", "1_FirstStep.csproj", "{0D69CC46-91CC-4FA6-9422-8B5C1E30F67C}"
EndProject
Global
	GlobalSection(SolutionConfigurationPlatforms) = preSolution
		Debug|Any CPU = Debug|Any CPU
		Release|Any CPU = Release|Any CPU
	EndGlobalSection
	GlobalSection(ProjectConfigurationPlatforms) = postSolution
		{0D69CC46-91CC-4FA6-9422-8B5C1E30F67C}.Debug|Any CPU.ActiveCfg = Debug|Any CPU
		{0D69CC46-91CC-4FA6-9422-8B5C1E30F67C}.Debug|Any CPU.Build.0 = Debug|Any CPU
		{0D69CC46-91CC-4FA6-9422-8B5C1E30F67C}.Release|Any CPU.ActiveCfg = Release|Any CPU
		{0D69CC46-91CC-4FA6-9422-8B5C1E30F67C}.Release|Any CPU.Build.0 = Release|Any CPU
	EndGlobalSection
	GlobalSection(SolutionProperties) = preSolution
		HideSolutionNode = FALSE
	EndGlobalSection
	GlobalSection(ExtensibilityGlobals) = postSolution
		SolutionGuid = {D7E7CE70-4D17-4137-86E5-3B773F7CD3BC}
	EndGlobalSection
EndGlobal
