
Microsoft Visual Studio Solution File, Format Version 12.00
# Visual Studio Version 17
VisualStudioVersion = 17.14.36301.6 d17.14
MinimumVisualStudioVersion = 10.0.40219.1
Project("{FAE04EC0-301F-11D3-BF4B-00C04F79EFBC}") = "2_TypeCasting", "2_TypeCasting.csproj", "{5ADE2A36-8C91-48A1-922F-69741954E61F}"
EndProject
Global
	GlobalSection(SolutionConfigurationPlatforms) = preSolution
		Debug|Any CPU = Debug|Any CPU
		Release|Any CPU = Release|Any CPU
	EndGlobalSection
	GlobalSection(ProjectConfigurationPlatforms) = postSolution
		{5ADE2A36-8C91-48A1-922F-69741954E61F}.Debug|Any CPU.ActiveCfg = Debug|Any CPU
		{5ADE2A36-8C91-48A1-922F-69741954E61F}.Debug|Any CPU.Build.0 = Debug|Any CPU
		{5ADE2A36-8C91-48A1-922F-69741954E61F}.Release|Any CPU.ActiveCfg = Release|Any CPU
		{5ADE2A36-8C91-48A1-922F-69741954E61F}.Release|Any CPU.Build.0 = Release|Any CPU
	EndGlobalSection
	GlobalSection(SolutionProperties) = preSolution
		HideSolutionNode = FALSE
	EndGlobalSection
	GlobalSection(ExtensibilityGlobals) = postSolution
		SolutionGuid = {01CB3686-FFB3-43EE-9B48-918E2BD8CE0D}
	EndGlobalSection
EndGlobal
