
Microsoft Visual Studio Solution File, Format Version 12.00
# Visual Studio Version 17
VisualStudioVersion = 17.14.36301.6 d17.14
MinimumVisualStudioVersion = 10.0.40219.1
Project("{FAE04EC0-301F-11D3-BF4B-00C04F79EFBC}") = "8_BreakStatement", "8_BreakStatement.csproj", "{C61046DA-3A4D-4397-86A6-2511FF885C38}"
EndProject
Global
	GlobalSection(SolutionConfigurationPlatforms) = preSolution
		Debug|Any CPU = Debug|Any CPU
		Release|Any CPU = Release|Any CPU
	EndGlobalSection
	GlobalSection(ProjectConfigurationPlatforms) = postSolution
		{C61046DA-3A4D-4397-86A6-2511FF885C38}.Debug|Any CPU.ActiveCfg = Debug|Any CPU
		{C61046DA-3A4D-4397-86A6-2511FF885C38}.Debug|Any CPU.Build.0 = Debug|Any CPU
		{C61046DA-3A4D-4397-86A6-2511FF885C38}.Release|Any CPU.ActiveCfg = Release|Any CPU
		{C61046DA-3A4D-4397-86A6-2511FF885C38}.Release|Any CPU.Build.0 = Release|Any CPU
	EndGlobalSection
	GlobalSection(SolutionProperties) = preSolution
		HideSolutionNode = FALSE
	EndGlobalSection
	GlobalSection(ExtensibilityGlobals) = postSolution
		SolutionGuid = {ACC4185A-B9AC-482E-A6A8-AD0715EACF28}
	EndGlobalSection
EndGlobal
